
Microsoft Visual Studio Solution File, Format Version 12.00
# Visual Studio 14
VisualStudioVersion = 14.0.23107.0
MinimumVisualStudioVersion = 10.0.40219.1
Project("{FAE04EC0-301F-11D3-BF4B-00C04F79EFBC}") = "MicroStateMachine", "MicroStateMachine.csproj", "{EB67A3FB-6C5F-4BAB-8996-2C2E8AD6D08C}"
EndProject
Project("{FAE04EC0-301F-11D3-BF4B-00C04F79EFBC}") = "MicroStateMachineTests", "..\libSSMTests\MicroStateMachineTests.csproj", "{6D4CF334-38B7-42E6-989E-9A0367587A8F}"
EndProject
Global
	GlobalSection(SolutionConfigurationPlatforms) = preSolution
		Debug|Any CPU = Debug|Any CPU
		Release|Any CPU = Release|Any CPU
	EndGlobalSection
	GlobalSection(ProjectConfigurationPlatforms) = postSolution
		{EB67A3FB-6C5F-4BAB-8996-2C2E8AD6D08C}.Debug|Any CPU.ActiveCfg = Debug|Any CPU
		{EB67A3FB-6C5F-4BAB-8996-2C2E8AD6D08C}.Debug|Any CPU.Build.0 = Debug|Any CPU
		{EB67A3FB-6C5F-4BAB-8996-2C2E8AD6D08C}.Release|Any CPU.ActiveCfg = Release|Any CPU
		{EB67A3FB-6C5F-4BAB-8996-2C2E8AD6D08C}.Release|Any CPU.Build.0 = Release|Any CPU
		{6D4CF334-38B7-42E6-989E-9A0367587A8F}.Debug|Any CPU.ActiveCfg = Debug|Any CPU
		{6D4CF334-38B7-42E6-989E-9A0367587A8F}.Debug|Any CPU.Build.0 = Debug|Any CPU
		{6D4CF334-38B7-42E6-989E-9A0367587A8F}.Release|Any CPU.ActiveCfg = Release|Any CPU
		{6D4CF334-38B7-42E6-989E-9A0367587A8F}.Release|Any CPU.Build.0 = Release|Any CPU
	EndGlobalSection
	GlobalSection(SolutionProperties) = preSolution
		HideSolutionNode = FALSE
	EndGlobalSection
EndGlobal
